
Microsoft Visual Studio Solution File, Format Version 12.00
# Visual Studio Version 17
VisualStudioVersion = 17.11.35327.3
MinimumVisualStudioVersion = 10.0.40219.1
Project("{FAE04EC0-301F-11D3-BF4B-00C04F79EFBC}") = "FamiliaConsole", "FamiliaConsole\FamiliaConsole.csproj", "{A1C1293E-04D5-4AB1-A87F-9B35D1A312FF}"
EndProject
Global
	GlobalSection(SolutionConfigurationPlatforms) = preSolution
		Debug|Any CPU = Debug|Any CPU
		Release|Any CPU = Release|Any CPU
	EndGlobalSection
	GlobalSection(ProjectConfigurationPlatforms) = postSolution
		{A1C1293E-04D5-4AB1-A87F-9B35D1A312FF}.Debug|Any CPU.ActiveCfg = Debug|Any CPU
		{A1C1293E-04D5-4AB1-A87F-9B35D1A312FF}.Debug|Any CPU.Build.0 = Debug|Any CPU
		{A1C1293E-04D5-4AB1-A87F-9B35D1A312FF}.Release|Any CPU.ActiveCfg = Release|Any CPU
		{A1C1293E-04D5-4AB1-A87F-9B35D1A312FF}.Release|Any CPU.Build.0 = Release|Any CPU
	EndGlobalSection
	GlobalSection(SolutionProperties) = preSolution
		HideSolutionNode = FALSE
	EndGlobalSection
	GlobalSection(ExtensibilityGlobals) = postSolution
		SolutionGuid = {F2484CEA-EB96-41DF-9108-53C3941CA3C6}
	EndGlobalSection
EndGlobal
