
Microsoft Visual Studio Solution File, Format Version 12.00
# Visual Studio Version 17
VisualStudioVersion = 17.11.35327.3
MinimumVisualStudioVersion = 10.0.40219.1
Project("{FAE04EC0-301F-11D3-BF4B-00C04F79EFBC}") = "GestionCuentaBancariaConsole", "GestionCuentaBancariaConsole\GestionCuentaBancariaConsole.csproj", "{F36BBD68-A8AA-4EB5-96D8-8CC0E0121269}"
EndProject
Global
	GlobalSection(SolutionConfigurationPlatforms) = preSolution
		Debug|Any CPU = Debug|Any CPU
		Release|Any CPU = Release|Any CPU
	EndGlobalSection
	GlobalSection(ProjectConfigurationPlatforms) = postSolution
		{F36BBD68-A8AA-4EB5-96D8-8CC0E0121269}.Debug|Any CPU.ActiveCfg = Debug|Any CPU
		{F36BBD68-A8AA-4EB5-96D8-8CC0E0121269}.Debug|Any CPU.Build.0 = Debug|Any CPU
		{F36BBD68-A8AA-4EB5-96D8-8CC0E0121269}.Release|Any CPU.ActiveCfg = Release|Any CPU
		{F36BBD68-A8AA-4EB5-96D8-8CC0E0121269}.Release|Any CPU.Build.0 = Release|Any CPU
	EndGlobalSection
	GlobalSection(SolutionProperties) = preSolution
		HideSolutionNode = FALSE
	EndGlobalSection
	GlobalSection(ExtensibilityGlobals) = postSolution
		SolutionGuid = {E79C6184-44BD-4AFA-8233-690C58036B7B}
	EndGlobalSection
EndGlobal
